
Microsoft Visual Studio Solution File, Format Version 12.00
# Visual Studio Version 17
VisualStudioVersion = 17.1.32228.430
MinimumVisualStudioVersion = 10.0.40219.1
Project("{FAE04EC0-301F-11D3-BF4B-00C04F79EFBC}") = "OnlineTaxi.Site", "OnlineTaxi.Site\OnlineTaxi.Site.csproj", "{1B1187CD-AFE1-4203-9CAE-F237C7D340E9}"
EndProject
Project("{FAE04EC0-301F-11D3-BF4B-00C04F79EFBC}") = "OnlineTaxi.DatabaseAccessLayer.EFCore", "OnlineTaxi.DatabaseAccessLayer.EFCore\OnlineTaxi.DatabaseAccessLayer.EFCore.csproj", "{07BF63C7-9CE1-4074-90E4-0EC663903296}"
EndProject
Project("{FAE04EC0-301F-11D3-BF4B-00C04F79EFBC}") = "OnlineTaxi.Core", "OnlineTaxi.Core\OnlineTaxi.Core.csproj", "{81CE2FF2-E7A4-45AF-A064-A737B834CC74}"
EndProject
Project("{FAE04EC0-301F-11D3-BF4B-00C04F79EFBC}") = "Database.Domain", "Database.Domain\Database.Domain.csproj", "{8E062BFA-98C3-4C11-A11B-89A34C6E8D7C}"
EndProject
Global
	GlobalSection(SolutionConfigurationPlatforms) = preSolution
		Debug|Any CPU = Debug|Any CPU
		Release|Any CPU = Release|Any CPU
	EndGlobalSection
	GlobalSection(ProjectConfigurationPlatforms) = postSolution
		{1B1187CD-AFE1-4203-9CAE-F237C7D340E9}.Debug|Any CPU.ActiveCfg = Debug|Any CPU
		{1B1187CD-AFE1-4203-9CAE-F237C7D340E9}.Debug|Any CPU.Build.0 = Debug|Any CPU
		{1B1187CD-AFE1-4203-9CAE-F237C7D340E9}.Release|Any CPU.ActiveCfg = Release|Any CPU
		{1B1187CD-AFE1-4203-9CAE-F237C7D340E9}.Release|Any CPU.Build.0 = Release|Any CPU
		{07BF63C7-9CE1-4074-90E4-0EC663903296}.Debug|Any CPU.ActiveCfg = Debug|Any CPU
		{07BF63C7-9CE1-4074-90E4-0EC663903296}.Debug|Any CPU.Build.0 = Debug|Any CPU
		{07BF63C7-9CE1-4074-90E4-0EC663903296}.Release|Any CPU.ActiveCfg = Release|Any CPU
		{07BF63C7-9CE1-4074-90E4-0EC663903296}.Release|Any CPU.Build.0 = Release|Any CPU
		{81CE2FF2-E7A4-45AF-A064-A737B834CC74}.Debug|Any CPU.ActiveCfg = Debug|Any CPU
		{81CE2FF2-E7A4-45AF-A064-A737B834CC74}.Debug|Any CPU.Build.0 = Debug|Any CPU
		{81CE2FF2-E7A4-45AF-A064-A737B834CC74}.Release|Any CPU.ActiveCfg = Release|Any CPU
		{81CE2FF2-E7A4-45AF-A064-A737B834CC74}.Release|Any CPU.Build.0 = Release|Any CPU
		{8E062BFA-98C3-4C11-A11B-89A34C6E8D7C}.Debug|Any CPU.ActiveCfg = Debug|Any CPU
		{8E062BFA-98C3-4C11-A11B-89A34C6E8D7C}.Debug|Any CPU.Build.0 = Debug|Any CPU
		{8E062BFA-98C3-4C11-A11B-89A34C6E8D7C}.Release|Any CPU.ActiveCfg = Release|Any CPU
		{8E062BFA-98C3-4C11-A11B-89A34C6E8D7C}.Release|Any CPU.Build.0 = Release|Any CPU
	EndGlobalSection
	GlobalSection(SolutionProperties) = preSolution
		HideSolutionNode = FALSE
	EndGlobalSection
	GlobalSection(ExtensibilityGlobals) = postSolution
		SolutionGuid = {A7E4B856-1197-49E1-8DD4-A37D4C026DE1}
	EndGlobalSection
EndGlobal
